
Microsoft Visual Studio Solution File, Format Version 12.00
# Visual Studio 15
VisualStudioVersion = 15.0.28307.102
MinimumVisualStudioVersion = 10.0.40219.1
Project("{FAE04EC0-301F-11D3-BF4B-00C04F79EFBC}") = "WebAPI", "WebAPI\WebAPI.csproj", "{76C2D7E0-008C-4722-951C-4A4632745055}"
EndProject
Global
	GlobalSection(SolutionConfigurationPlatforms) = preSolution
		Debug|Any CPU = Debug|Any CPU
		Release|Any CPU = Release|Any CPU
	EndGlobalSection
	GlobalSection(ProjectConfigurationPlatforms) = postSolution
		{76C2D7E0-008C-4722-951C-4A4632745055}.Debug|Any CPU.ActiveCfg = Debug|Any CPU
		{76C2D7E0-008C-4722-951C-4A4632745055}.Debug|Any CPU.Build.0 = Debug|Any CPU
		{76C2D7E0-008C-4722-951C-4A4632745055}.Release|Any CPU.ActiveCfg = Release|Any CPU
		{76C2D7E0-008C-4722-951C-4A4632745055}.Release|Any CPU.Build.0 = Release|Any CPU
	EndGlobalSection
	GlobalSection(SolutionProperties) = preSolution
		HideSolutionNode = FALSE
	EndGlobalSection
	GlobalSection(ExtensibilityGlobals) = postSolution
		SolutionGuid = {3618E16D-0BFC-49C4-98E8-D6F73F9FF9BE}
	EndGlobalSection
EndGlobal
